
Microsoft Visual Studio Solution File, Format Version 12.00
# Visual Studio Version 17
VisualStudioVersion = 17.9.34723.18
MinimumVisualStudioVersion = 10.0.40219.1
Project("{FAE04EC0-301F-11D3-BF4B-00C04F79EFBC}") = "HelloWorld", "HelloWorld\HelloWorld.csproj", "{4300D9D2-8A7D-4524-B720-A33CBE6409C1}"
EndProject
Project("{FAE04EC0-301F-11D3-BF4B-00C04F79EFBC}") = "Client", "Client\Client.csproj", "{63F3C246-3C8E-43B5-BF88-74CFBF4D7612}"
EndProject
Global
	GlobalSection(SolutionConfigurationPlatforms) = preSolution
		Debug|Any CPU = Debug|Any CPU
		Release|Any CPU = Release|Any CPU
	EndGlobalSection
	GlobalSection(ProjectConfigurationPlatforms) = postSolution
		{4300D9D2-8A7D-4524-B720-A33CBE6409C1}.Debug|Any CPU.ActiveCfg = Debug|Any CPU
		{4300D9D2-8A7D-4524-B720-A33CBE6409C1}.Debug|Any CPU.Build.0 = Debug|Any CPU
		{4300D9D2-8A7D-4524-B720-A33CBE6409C1}.Release|Any CPU.ActiveCfg = Release|Any CPU
		{4300D9D2-8A7D-4524-B720-A33CBE6409C1}.Release|Any CPU.Build.0 = Release|Any CPU
		{63F3C246-3C8E-43B5-BF88-74CFBF4D7612}.Debug|Any CPU.ActiveCfg = Debug|Any CPU
		{63F3C246-3C8E-43B5-BF88-74CFBF4D7612}.Debug|Any CPU.Build.0 = Debug|Any CPU
		{63F3C246-3C8E-43B5-BF88-74CFBF4D7612}.Release|Any CPU.ActiveCfg = Release|Any CPU
		{63F3C246-3C8E-43B5-BF88-74CFBF4D7612}.Release|Any CPU.Build.0 = Release|Any CPU
	EndGlobalSection
	GlobalSection(SolutionProperties) = preSolution
		HideSolutionNode = FALSE
	EndGlobalSection
	GlobalSection(ExtensibilityGlobals) = postSolution
		SolutionGuid = {112A25C9-1DC6-4103-8A52-099B3361A5EC}
	EndGlobalSection
EndGlobal
