
Microsoft Visual Studio Solution File, Format Version 12.00
# Visual Studio Version 17
VisualStudioVersion = 17.9.34723.18
MinimumVisualStudioVersion = 10.0.40219.1
Project("{FAE04EC0-301F-11D3-BF4B-00C04F79EFBC}") = "FirstGame", "FirstGame.csproj", "{814E48D7-9B0A-43B3-861E-A1EFB26316EA}"
EndProject
Global
	GlobalSection(SolutionConfigurationPlatforms) = preSolution
		Debug|Any CPU = Debug|Any CPU
		Release|Any CPU = Release|Any CPU
	EndGlobalSection
	GlobalSection(ProjectConfigurationPlatforms) = postSolution
		{814E48D7-9B0A-43B3-861E-A1EFB26316EA}.Debug|Any CPU.ActiveCfg = Debug|Any CPU
		{814E48D7-9B0A-43B3-861E-A1EFB26316EA}.Debug|Any CPU.Build.0 = Debug|Any CPU
		{814E48D7-9B0A-43B3-861E-A1EFB26316EA}.Release|Any CPU.ActiveCfg = Release|Any CPU
		{814E48D7-9B0A-43B3-861E-A1EFB26316EA}.Release|Any CPU.Build.0 = Release|Any CPU
	EndGlobalSection
	GlobalSection(SolutionProperties) = preSolution
		HideSolutionNode = FALSE
	EndGlobalSection
	GlobalSection(ExtensibilityGlobals) = postSolution
		SolutionGuid = {ECFD3427-B4A3-4734-9071-1226E1B3EC5F}
	EndGlobalSection
EndGlobal
