
Microsoft Visual Studio Solution File, Format Version 12.00
# Visual Studio Version 17
VisualStudioVersion = 17.9.34723.18
MinimumVisualStudioVersion = 10.0.40219.1
Project("{9A19103F-16F7-4668-BE54-9A1E7A4F7556}") = "StringLibrary", "StringLibrary\StringLibrary.csproj", "{B0BBCD53-9CD1-45D4-9D0F-C54183391B68}"
EndProject
Project("{FAE04EC0-301F-11D3-BF4B-00C04F79EFBC}") = "ShowCase", "ShowCase\ShowCase.csproj", "{21EAB0B6-07E6-4D6F-BECA-444F4424F5AF}"
EndProject
Global
	GlobalSection(SolutionConfigurationPlatforms) = preSolution
		Debug|Any CPU = Debug|Any CPU
		Release|Any CPU = Release|Any CPU
	EndGlobalSection
	GlobalSection(ProjectConfigurationPlatforms) = postSolution
		{B0BBCD53-9CD1-45D4-9D0F-C54183391B68}.Debug|Any CPU.ActiveCfg = Debug|Any CPU
		{B0BBCD53-9CD1-45D4-9D0F-C54183391B68}.Debug|Any CPU.Build.0 = Debug|Any CPU
		{B0BBCD53-9CD1-45D4-9D0F-C54183391B68}.Release|Any CPU.ActiveCfg = Release|Any CPU
		{B0BBCD53-9CD1-45D4-9D0F-C54183391B68}.Release|Any CPU.Build.0 = Release|Any CPU
		{21EAB0B6-07E6-4D6F-BECA-444F4424F5AF}.Debug|Any CPU.ActiveCfg = Debug|Any CPU
		{21EAB0B6-07E6-4D6F-BECA-444F4424F5AF}.Debug|Any CPU.Build.0 = Debug|Any CPU
		{21EAB0B6-07E6-4D6F-BECA-444F4424F5AF}.Release|Any CPU.ActiveCfg = Release|Any CPU
		{21EAB0B6-07E6-4D6F-BECA-444F4424F5AF}.Release|Any CPU.Build.0 = Release|Any CPU
	EndGlobalSection
	GlobalSection(SolutionProperties) = preSolution
		HideSolutionNode = FALSE
	EndGlobalSection
	GlobalSection(ExtensibilityGlobals) = postSolution
		SolutionGuid = {4FACFC9B-1C7D-487B-B996-911D7B9624F3}
	EndGlobalSection
EndGlobal
